
Microsoft Visual Studio Solution File, Format Version 12.00
# Visual Studio Version 17
VisualStudioVersion = 17.0.32126.317
MinimumVisualStudioVersion = 10.0.40219.1
Project("{9A19103F-16F7-4668-BE54-9A1E7A4F7556}") = "ContosoCrafts.Website", "ContosoCrafts.Website\ContosoCrafts.Website.csproj", "{F2DD541C-C378-4B27-AA9A-A41439E9EBEB}"
EndProject
Global
	GlobalSection(SolutionConfigurationPlatforms) = preSolution
		Debug|Any CPU = Debug|Any CPU
		Release|Any CPU = Release|Any CPU
	EndGlobalSection
	GlobalSection(ProjectConfigurationPlatforms) = postSolution
		{F2DD541C-C378-4B27-AA9A-A41439E9EBEB}.Debug|Any CPU.ActiveCfg = Debug|Any CPU
		{F2DD541C-C378-4B27-AA9A-A41439E9EBEB}.Debug|Any CPU.Build.0 = Debug|Any CPU
		{F2DD541C-C378-4B27-AA9A-A41439E9EBEB}.Release|Any CPU.ActiveCfg = Release|Any CPU
		{F2DD541C-C378-4B27-AA9A-A41439E9EBEB}.Release|Any CPU.Build.0 = Release|Any CPU
	EndGlobalSection
	GlobalSection(SolutionProperties) = preSolution
		HideSolutionNode = FALSE
	EndGlobalSection
	GlobalSection(ExtensibilityGlobals) = postSolution
		SolutionGuid = {AD9CB7B4-1BE7-4E43-8745-3B825D18DF88}
	EndGlobalSection
EndGlobal
